
Microsoft Visual Studio Solution File, Format Version 12.00
# Visual Studio 15
VisualStudioVersion = 15.0.28307.271
MinimumVisualStudioVersion = 10.0.40219.1
Project("{FAE04EC0-301F-11D3-BF4B-00C04F79EFBC}") = "Homework1", "Homework1\Homework1.csproj", "{319B3C9D-2456-449D-8E99-C1BC5A7F5790}"
EndProject
Project("{FAE04EC0-301F-11D3-BF4B-00C04F79EFBC}") = "Homework4", "Homework4\Homework4.csproj", "{262CDECD-E58F-4AC5-A7AE-19E0E7764CD2}"
EndProject
Global
	GlobalSection(SolutionConfigurationPlatforms) = preSolution
		Debug|Any CPU = Debug|Any CPU
		Release|Any CPU = Release|Any CPU
	EndGlobalSection
	GlobalSection(ProjectConfigurationPlatforms) = postSolution
		{319B3C9D-2456-449D-8E99-C1BC5A7F5790}.Debug|Any CPU.ActiveCfg = Debug|Any CPU
		{319B3C9D-2456-449D-8E99-C1BC5A7F5790}.Debug|Any CPU.Build.0 = Debug|Any CPU
		{319B3C9D-2456-449D-8E99-C1BC5A7F5790}.Release|Any CPU.ActiveCfg = Release|Any CPU
		{319B3C9D-2456-449D-8E99-C1BC5A7F5790}.Release|Any CPU.Build.0 = Release|Any CPU
		{262CDECD-E58F-4AC5-A7AE-19E0E7764CD2}.Debug|Any CPU.ActiveCfg = Debug|Any CPU
		{262CDECD-E58F-4AC5-A7AE-19E0E7764CD2}.Debug|Any CPU.Build.0 = Debug|Any CPU
		{262CDECD-E58F-4AC5-A7AE-19E0E7764CD2}.Release|Any CPU.ActiveCfg = Release|Any CPU
		{262CDECD-E58F-4AC5-A7AE-19E0E7764CD2}.Release|Any CPU.Build.0 = Release|Any CPU
	EndGlobalSection
	GlobalSection(SolutionProperties) = preSolution
		HideSolutionNode = FALSE
	EndGlobalSection
	GlobalSection(ExtensibilityGlobals) = postSolution
		SolutionGuid = {88311C90-C699-4EB2-9F6A-5AD53D66C7DC}
	EndGlobalSection
EndGlobal
