
Microsoft Visual Studio Solution File, Format Version 12.00
# Visual Studio 15
VisualStudioVersion = 15.0.28307.271
MinimumVisualStudioVersion = 10.0.40219.1
Project("{FAE04EC0-301F-11D3-BF4B-00C04F79EFBC}") = "Homework1", "Homework1\Homework1.csproj", "{FECBD3D9-07E9-4E49-9151-C6E7DCBCFE9B}"
EndProject
Project("{FAE04EC0-301F-11D3-BF4B-00C04F79EFBC}") = "Homework2", "Homework2\Homework2.csproj", "{B033CAC7-A877-46EC-864B-AACEF9546B5A}"
EndProject
Project("{9A19103F-16F7-4668-BE54-9A1E7A4F7556}") = "Game2", "Game2\Game2.csproj", "{F193E2A2-1272-44FE-B04B-CB0628111C13}"
EndProject
Project("{FAE04EC0-301F-11D3-BF4B-00C04F79EFBC}") = "Homework3", "Homework3\Homework3.csproj", "{F6F73F6D-9FB8-4418-ACF4-598A1BD798A2}"
EndProject
Project("{FAE04EC0-301F-11D3-BF4B-00C04F79EFBC}") = "Homework4", "Homework4\Homework4.csproj", "{A9B6FFCC-19B6-4F72-8277-393D9360894E}"
EndProject
Global
	GlobalSection(SolutionConfigurationPlatforms) = preSolution
		Debug|Any CPU = Debug|Any CPU
		Release|Any CPU = Release|Any CPU
	EndGlobalSection
	GlobalSection(ProjectConfigurationPlatforms) = postSolution
		{FECBD3D9-07E9-4E49-9151-C6E7DCBCFE9B}.Debug|Any CPU.ActiveCfg = Debug|Any CPU
		{FECBD3D9-07E9-4E49-9151-C6E7DCBCFE9B}.Debug|Any CPU.Build.0 = Debug|Any CPU
		{FECBD3D9-07E9-4E49-9151-C6E7DCBCFE9B}.Release|Any CPU.ActiveCfg = Release|Any CPU
		{FECBD3D9-07E9-4E49-9151-C6E7DCBCFE9B}.Release|Any CPU.Build.0 = Release|Any CPU
		{B033CAC7-A877-46EC-864B-AACEF9546B5A}.Debug|Any CPU.ActiveCfg = Debug|Any CPU
		{B033CAC7-A877-46EC-864B-AACEF9546B5A}.Debug|Any CPU.Build.0 = Debug|Any CPU
		{B033CAC7-A877-46EC-864B-AACEF9546B5A}.Release|Any CPU.ActiveCfg = Release|Any CPU
		{B033CAC7-A877-46EC-864B-AACEF9546B5A}.Release|Any CPU.Build.0 = Release|Any CPU
		{F193E2A2-1272-44FE-B04B-CB0628111C13}.Debug|Any CPU.ActiveCfg = Debug|Any CPU
		{F193E2A2-1272-44FE-B04B-CB0628111C13}.Debug|Any CPU.Build.0 = Debug|Any CPU
		{F193E2A2-1272-44FE-B04B-CB0628111C13}.Release|Any CPU.ActiveCfg = Release|Any CPU
		{F193E2A2-1272-44FE-B04B-CB0628111C13}.Release|Any CPU.Build.0 = Release|Any CPU
		{F6F73F6D-9FB8-4418-ACF4-598A1BD798A2}.Debug|Any CPU.ActiveCfg = Debug|Any CPU
		{F6F73F6D-9FB8-4418-ACF4-598A1BD798A2}.Debug|Any CPU.Build.0 = Debug|Any CPU
		{F6F73F6D-9FB8-4418-ACF4-598A1BD798A2}.Release|Any CPU.ActiveCfg = Release|Any CPU
		{F6F73F6D-9FB8-4418-ACF4-598A1BD798A2}.Release|Any CPU.Build.0 = Release|Any CPU
		{A9B6FFCC-19B6-4F72-8277-393D9360894E}.Debug|Any CPU.ActiveCfg = Debug|Any CPU
		{A9B6FFCC-19B6-4F72-8277-393D9360894E}.Debug|Any CPU.Build.0 = Debug|Any CPU
		{A9B6FFCC-19B6-4F72-8277-393D9360894E}.Release|Any CPU.ActiveCfg = Release|Any CPU
		{A9B6FFCC-19B6-4F72-8277-393D9360894E}.Release|Any CPU.Build.0 = Release|Any CPU
	EndGlobalSection
	GlobalSection(SolutionProperties) = preSolution
		HideSolutionNode = FALSE
	EndGlobalSection
	GlobalSection(ExtensibilityGlobals) = postSolution
		SolutionGuid = {9CAC01E3-1F08-454E-AE46-B3790E1D6FA4}
	EndGlobalSection
EndGlobal
