
Microsoft Visual Studio Solution File, Format Version 12.00
# Visual Studio 15
VisualStudioVersion = 15.0.28307.271
MinimumVisualStudioVersion = 10.0.40219.1
Project("{FAE04EC0-301F-11D3-BF4B-00C04F79EFBC}") = "Homework1", "Homework1\Homework1.csproj", "{8BED7126-43AC-4B74-86BB-9640A4257C52}"
EndProject
Project("{FAE04EC0-301F-11D3-BF4B-00C04F79EFBC}") = "Homework2", "Homework2\Homework2.csproj", "{152FE953-A871-423A-90E0-5AC7D01EC9A4}"
EndProject
Project("{FAE04EC0-301F-11D3-BF4B-00C04F79EFBC}") = "Homework4", "Homework4\Homework4.csproj", "{2F033D45-5761-40C4-B10F-B150E5187D43}"
EndProject
Global
	GlobalSection(SolutionConfigurationPlatforms) = preSolution
		Debug|Any CPU = Debug|Any CPU
		Release|Any CPU = Release|Any CPU
	EndGlobalSection
	GlobalSection(ProjectConfigurationPlatforms) = postSolution
		{8BED7126-43AC-4B74-86BB-9640A4257C52}.Debug|Any CPU.ActiveCfg = Debug|Any CPU
		{8BED7126-43AC-4B74-86BB-9640A4257C52}.Debug|Any CPU.Build.0 = Debug|Any CPU
		{8BED7126-43AC-4B74-86BB-9640A4257C52}.Release|Any CPU.ActiveCfg = Release|Any CPU
		{8BED7126-43AC-4B74-86BB-9640A4257C52}.Release|Any CPU.Build.0 = Release|Any CPU
		{152FE953-A871-423A-90E0-5AC7D01EC9A4}.Debug|Any CPU.ActiveCfg = Debug|Any CPU
		{152FE953-A871-423A-90E0-5AC7D01EC9A4}.Debug|Any CPU.Build.0 = Debug|Any CPU
		{152FE953-A871-423A-90E0-5AC7D01EC9A4}.Release|Any CPU.ActiveCfg = Release|Any CPU
		{152FE953-A871-423A-90E0-5AC7D01EC9A4}.Release|Any CPU.Build.0 = Release|Any CPU
		{2F033D45-5761-40C4-B10F-B150E5187D43}.Debug|Any CPU.ActiveCfg = Debug|Any CPU
		{2F033D45-5761-40C4-B10F-B150E5187D43}.Debug|Any CPU.Build.0 = Debug|Any CPU
		{2F033D45-5761-40C4-B10F-B150E5187D43}.Release|Any CPU.ActiveCfg = Release|Any CPU
		{2F033D45-5761-40C4-B10F-B150E5187D43}.Release|Any CPU.Build.0 = Release|Any CPU
	EndGlobalSection
	GlobalSection(SolutionProperties) = preSolution
		HideSolutionNode = FALSE
	EndGlobalSection
	GlobalSection(ExtensibilityGlobals) = postSolution
		SolutionGuid = {603F529A-820F-4FB9-90A0-D38FC271E313}
	EndGlobalSection
EndGlobal
