
Microsoft Visual Studio Solution File, Format Version 12.00
# Visual Studio 15
VisualStudioVersion = 15.0.28307.271
MinimumVisualStudioVersion = 10.0.40219.1
Project("{FAE04EC0-301F-11D3-BF4B-00C04F79EFBC}") = "Homework", "Homework\Homework.csproj", "{730F5993-D1E9-4B67-B8D8-61DE71EB1518}"
EndProject
Project("{FAE04EC0-301F-11D3-BF4B-00C04F79EFBC}") = "Homework2", "Homework2\Homework2.csproj", "{A6E4D7C0-F777-4219-BA74-0AC0CA846842}"
EndProject
Project("{FAE04EC0-301F-11D3-BF4B-00C04F79EFBC}") = "Homework3", "Homework3\Homework3.csproj", "{2D254C88-5E07-4E76-873E-B813E9924AF7}"
EndProject
Project("{FAE04EC0-301F-11D3-BF4B-00C04F79EFBC}") = "Homework4", "Homework4\Homework4.csproj", "{0DE7D181-2C4D-49E5-9005-B6C86F9AEFBC}"
EndProject
Project("{FAE04EC0-301F-11D3-BF4B-00C04F79EFBC}") = "Homework5", "Homework5\Homework5.csproj", "{08CF8DD6-736F-42F7-923B-41C70D7F450E}"
EndProject
Global
	GlobalSection(SolutionConfigurationPlatforms) = preSolution
		Debug|Any CPU = Debug|Any CPU
		Release|Any CPU = Release|Any CPU
	EndGlobalSection
	GlobalSection(ProjectConfigurationPlatforms) = postSolution
		{730F5993-D1E9-4B67-B8D8-61DE71EB1518}.Debug|Any CPU.ActiveCfg = Debug|Any CPU
		{730F5993-D1E9-4B67-B8D8-61DE71EB1518}.Debug|Any CPU.Build.0 = Debug|Any CPU
		{730F5993-D1E9-4B67-B8D8-61DE71EB1518}.Release|Any CPU.ActiveCfg = Release|Any CPU
		{730F5993-D1E9-4B67-B8D8-61DE71EB1518}.Release|Any CPU.Build.0 = Release|Any CPU
		{A6E4D7C0-F777-4219-BA74-0AC0CA846842}.Debug|Any CPU.ActiveCfg = Debug|Any CPU
		{A6E4D7C0-F777-4219-BA74-0AC0CA846842}.Debug|Any CPU.Build.0 = Debug|Any CPU
		{A6E4D7C0-F777-4219-BA74-0AC0CA846842}.Release|Any CPU.ActiveCfg = Release|Any CPU
		{A6E4D7C0-F777-4219-BA74-0AC0CA846842}.Release|Any CPU.Build.0 = Release|Any CPU
		{2D254C88-5E07-4E76-873E-B813E9924AF7}.Debug|Any CPU.ActiveCfg = Debug|Any CPU
		{2D254C88-5E07-4E76-873E-B813E9924AF7}.Debug|Any CPU.Build.0 = Debug|Any CPU
		{2D254C88-5E07-4E76-873E-B813E9924AF7}.Release|Any CPU.ActiveCfg = Release|Any CPU
		{2D254C88-5E07-4E76-873E-B813E9924AF7}.Release|Any CPU.Build.0 = Release|Any CPU
		{0DE7D181-2C4D-49E5-9005-B6C86F9AEFBC}.Debug|Any CPU.ActiveCfg = Debug|Any CPU
		{0DE7D181-2C4D-49E5-9005-B6C86F9AEFBC}.Debug|Any CPU.Build.0 = Debug|Any CPU
		{0DE7D181-2C4D-49E5-9005-B6C86F9AEFBC}.Release|Any CPU.ActiveCfg = Release|Any CPU
		{0DE7D181-2C4D-49E5-9005-B6C86F9AEFBC}.Release|Any CPU.Build.0 = Release|Any CPU
		{08CF8DD6-736F-42F7-923B-41C70D7F450E}.Debug|Any CPU.ActiveCfg = Debug|Any CPU
		{08CF8DD6-736F-42F7-923B-41C70D7F450E}.Debug|Any CPU.Build.0 = Debug|Any CPU
		{08CF8DD6-736F-42F7-923B-41C70D7F450E}.Release|Any CPU.ActiveCfg = Release|Any CPU
		{08CF8DD6-736F-42F7-923B-41C70D7F450E}.Release|Any CPU.Build.0 = Release|Any CPU
	EndGlobalSection
	GlobalSection(SolutionProperties) = preSolution
		HideSolutionNode = FALSE
	EndGlobalSection
	GlobalSection(ExtensibilityGlobals) = postSolution
		SolutionGuid = {C16692C4-A81D-44D3-A011-F88EBB6BB264}
	EndGlobalSection
EndGlobal
