
Microsoft Visual Studio Solution File, Format Version 12.00
# Visual Studio 15
VisualStudioVersion = 15.0.28307.271
MinimumVisualStudioVersion = 10.0.40219.1
Project("{FAE04EC0-301F-11D3-BF4B-00C04F79EFBC}") = "Homework1", "Homework\Homework1.csproj", "{08C79BA8-A4EF-426D-AE65-CBA8CB07328E}"
EndProject
Project("{FAE04EC0-301F-11D3-BF4B-00C04F79EFBC}") = "Homework2", "Homework2\Homework2.csproj", "{4CFB6133-56D5-4945-8343-588944AD5A6B}"
EndProject
Project("{FAE04EC0-301F-11D3-BF4B-00C04F79EFBC}") = "Homework3", "Homework3\Homework3.csproj", "{61894B42-0FB7-4947-A138-42B2C921FC64}"
EndProject
Project("{FAE04EC0-301F-11D3-BF4B-00C04F79EFBC}") = "Homework4", "Homework4\Homework4.csproj", "{FD5784B6-B6E5-4C64-853D-1C58D84615C9}"
EndProject
Project("{FAE04EC0-301F-11D3-BF4B-00C04F79EFBC}") = "Homework5", "Homework5\Homework5.csproj", "{0390F11A-3B82-4833-8271-05B9C6F5C3D9}"
EndProject
Project("{FAE04EC0-301F-11D3-BF4B-00C04F79EFBC}") = "Homework6", "Homework6\Homework6.csproj", "{78E87E92-9571-435F-B137-96D504D41FC1}"
EndProject
Project("{FAE04EC0-301F-11D3-BF4B-00C04F79EFBC}") = "Homework7", "Homework7\Homework7.csproj", "{FF42B0CE-3E5C-4818-9F8C-D6C47FF0CB53}"
EndProject
Global
	GlobalSection(SolutionConfigurationPlatforms) = preSolution
		Debug|Any CPU = Debug|Any CPU
		Release|Any CPU = Release|Any CPU
	EndGlobalSection
	GlobalSection(ProjectConfigurationPlatforms) = postSolution
		{08C79BA8-A4EF-426D-AE65-CBA8CB07328E}.Debug|Any CPU.ActiveCfg = Debug|Any CPU
		{08C79BA8-A4EF-426D-AE65-CBA8CB07328E}.Debug|Any CPU.Build.0 = Debug|Any CPU
		{08C79BA8-A4EF-426D-AE65-CBA8CB07328E}.Release|Any CPU.ActiveCfg = Release|Any CPU
		{08C79BA8-A4EF-426D-AE65-CBA8CB07328E}.Release|Any CPU.Build.0 = Release|Any CPU
		{4CFB6133-56D5-4945-8343-588944AD5A6B}.Debug|Any CPU.ActiveCfg = Debug|Any CPU
		{4CFB6133-56D5-4945-8343-588944AD5A6B}.Debug|Any CPU.Build.0 = Debug|Any CPU
		{4CFB6133-56D5-4945-8343-588944AD5A6B}.Release|Any CPU.ActiveCfg = Release|Any CPU
		{4CFB6133-56D5-4945-8343-588944AD5A6B}.Release|Any CPU.Build.0 = Release|Any CPU
		{61894B42-0FB7-4947-A138-42B2C921FC64}.Debug|Any CPU.ActiveCfg = Debug|Any CPU
		{61894B42-0FB7-4947-A138-42B2C921FC64}.Debug|Any CPU.Build.0 = Debug|Any CPU
		{61894B42-0FB7-4947-A138-42B2C921FC64}.Release|Any CPU.ActiveCfg = Release|Any CPU
		{61894B42-0FB7-4947-A138-42B2C921FC64}.Release|Any CPU.Build.0 = Release|Any CPU
		{FD5784B6-B6E5-4C64-853D-1C58D84615C9}.Debug|Any CPU.ActiveCfg = Debug|Any CPU
		{FD5784B6-B6E5-4C64-853D-1C58D84615C9}.Debug|Any CPU.Build.0 = Debug|Any CPU
		{FD5784B6-B6E5-4C64-853D-1C58D84615C9}.Release|Any CPU.ActiveCfg = Release|Any CPU
		{FD5784B6-B6E5-4C64-853D-1C58D84615C9}.Release|Any CPU.Build.0 = Release|Any CPU
		{0390F11A-3B82-4833-8271-05B9C6F5C3D9}.Debug|Any CPU.ActiveCfg = Debug|Any CPU
		{0390F11A-3B82-4833-8271-05B9C6F5C3D9}.Debug|Any CPU.Build.0 = Debug|Any CPU
		{0390F11A-3B82-4833-8271-05B9C6F5C3D9}.Release|Any CPU.ActiveCfg = Release|Any CPU
		{0390F11A-3B82-4833-8271-05B9C6F5C3D9}.Release|Any CPU.Build.0 = Release|Any CPU
		{78E87E92-9571-435F-B137-96D504D41FC1}.Debug|Any CPU.ActiveCfg = Debug|Any CPU
		{78E87E92-9571-435F-B137-96D504D41FC1}.Debug|Any CPU.Build.0 = Debug|Any CPU
		{78E87E92-9571-435F-B137-96D504D41FC1}.Release|Any CPU.ActiveCfg = Release|Any CPU
		{78E87E92-9571-435F-B137-96D504D41FC1}.Release|Any CPU.Build.0 = Release|Any CPU
		{FF42B0CE-3E5C-4818-9F8C-D6C47FF0CB53}.Debug|Any CPU.ActiveCfg = Debug|Any CPU
		{FF42B0CE-3E5C-4818-9F8C-D6C47FF0CB53}.Debug|Any CPU.Build.0 = Debug|Any CPU
		{FF42B0CE-3E5C-4818-9F8C-D6C47FF0CB53}.Release|Any CPU.ActiveCfg = Release|Any CPU
		{FF42B0CE-3E5C-4818-9F8C-D6C47FF0CB53}.Release|Any CPU.Build.0 = Release|Any CPU
	EndGlobalSection
	GlobalSection(SolutionProperties) = preSolution
		HideSolutionNode = FALSE
	EndGlobalSection
	GlobalSection(ExtensibilityGlobals) = postSolution
		SolutionGuid = {D87FDFE5-072F-45D0-AE6A-8950CEE34F43}
	EndGlobalSection
EndGlobal
